# THIS IS AN AUTOGENERATED FILE. DO NOT EDIT THIS FILE DIRECTLY.
# yarn lockfile v1


n@^9.2.0:
  version "9.2.1"
  resolved "https://registry.yarnpkg.com/n/-/n-9.2.1.tgz#5aaefc83fdd0f0235b22a96c0b42d177f54d827c"
  integrity sha512-+P/eoX6IvGmaQRTf8Ro1fc2LgUkyCV2JK3geP0v63AzwGYAXIXSPmwQ5Hgq9a3za89/5D5qbAWBFjv+Ri+QhAQ==
